
Microsoft Visual Studio Solution File, Format Version 12.00
# Visual Studio Version 17
VisualStudioVersion = 17.6.33829.357
MinimumVisualStudioVersion = 10.0.40219.1
Project("{FAE04EC0-301F-11D3-BF4B-00C04F79EFBC}") = "ConsoleAppSeminar7", "ConsoleAppSeminar7\ConsoleAppSeminar7.csproj", "{49FC37A5-3752-4CF3-BAD0-FC411337301E}"
EndProject
Global
	GlobalSection(SolutionConfigurationPlatforms) = preSolution
		Debug|Any CPU = Debug|Any CPU
		Release|Any CPU = Release|Any CPU
	EndGlobalSection
	GlobalSection(ProjectConfigurationPlatforms) = postSolution
		{49FC37A5-3752-4CF3-BAD0-FC411337301E}.Debug|Any CPU.ActiveCfg = Debug|Any CPU
		{49FC37A5-3752-4CF3-BAD0-FC411337301E}.Debug|Any CPU.Build.0 = Debug|Any CPU
		{49FC37A5-3752-4CF3-BAD0-FC411337301E}.Release|Any CPU.ActiveCfg = Release|Any CPU
		{49FC37A5-3752-4CF3-BAD0-FC411337301E}.Release|Any CPU.Build.0 = Release|Any CPU
	EndGlobalSection
	GlobalSection(SolutionProperties) = preSolution
		HideSolutionNode = FALSE
	EndGlobalSection
	GlobalSection(ExtensibilityGlobals) = postSolution
		SolutionGuid = {0DC0C6DE-2D6D-4CC6-8EE6-04D6A1D9B036}
	EndGlobalSection
EndGlobal
